
Microsoft Visual Studio Solution File, Format Version 12.00
# Visual Studio Version 17
VisualStudioVersion = 17.9.34728.123
MinimumVisualStudioVersion = 10.0.40219.1
Project("{FAE04EC0-301F-11D3-BF4B-00C04F79EFBC}") = "SkyhawkAPI", "SkyhawkAPI\SkyhawkAPI.csproj", "{045366CB-AD19-4BC0-BAC7-4D5D07F4CF31}"
EndProject
Global
	GlobalSection(SolutionConfigurationPlatforms) = preSolution
		Debug|Any CPU = Debug|Any CPU
		Release|Any CPU = Release|Any CPU
	EndGlobalSection
	GlobalSection(ProjectConfigurationPlatforms) = postSolution
		{045366CB-AD19-4BC0-BAC7-4D5D07F4CF31}.Debug|Any CPU.ActiveCfg = Debug|Any CPU
		{045366CB-AD19-4BC0-BAC7-4D5D07F4CF31}.Debug|Any CPU.Build.0 = Debug|Any CPU
		{045366CB-AD19-4BC0-BAC7-4D5D07F4CF31}.Release|Any CPU.ActiveCfg = Release|Any CPU
		{045366CB-AD19-4BC0-BAC7-4D5D07F4CF31}.Release|Any CPU.Build.0 = Release|Any CPU
	EndGlobalSection
	GlobalSection(SolutionProperties) = preSolution
		HideSolutionNode = FALSE
	EndGlobalSection
	GlobalSection(ExtensibilityGlobals) = postSolution
		SolutionGuid = {075A1BB9-857E-4AE6-AA40-A7CFBA4AC959}
	EndGlobalSection
EndGlobal
